
Microsoft Visual Studio Solution File, Format Version 12.00
# Visual Studio Version 17
VisualStudioVersion = 17.2.32519.379
MinimumVisualStudioVersion = 10.0.40219.1
Project("{FAE04EC0-301F-11D3-BF4B-00C04F79EFBC}") = "lab_07", "lab_07.csproj", "{DFAB5E37-9780-442F-9A8C-5C299E1936A1}"
EndProject
Global
	GlobalSection(SolutionConfigurationPlatforms) = preSolution
		Debug|Any CPU = Debug|Any CPU
		Release|Any CPU = Release|Any CPU
	EndGlobalSection
	GlobalSection(ProjectConfigurationPlatforms) = postSolution
		{DFAB5E37-9780-442F-9A8C-5C299E1936A1}.Debug|Any CPU.ActiveCfg = Debug|Any CPU
		{DFAB5E37-9780-442F-9A8C-5C299E1936A1}.Debug|Any CPU.Build.0 = Debug|Any CPU
		{DFAB5E37-9780-442F-9A8C-5C299E1936A1}.Release|Any CPU.ActiveCfg = Release|Any CPU
		{DFAB5E37-9780-442F-9A8C-5C299E1936A1}.Release|Any CPU.Build.0 = Release|Any CPU
	EndGlobalSection
	GlobalSection(SolutionProperties) = preSolution
		HideSolutionNode = FALSE
	EndGlobalSection
	GlobalSection(ExtensibilityGlobals) = postSolution
		SolutionGuid = {0637C269-4333-45BC-8111-7F6F9A048D3E}
	EndGlobalSection
EndGlobal
